
Microsoft Visual Studio Solution File, Format Version 12.00
# Visual Studio 15
VisualStudioVersion = 15.0.27130.2010
MinimumVisualStudioVersion = 10.0.40219.1
Project("{9A19103F-16F7-4668-BE54-9A1E7A4F7556}") = "EtlLib", "EtlLib\EtlLib.csproj", "{2850690C-13A9-442B-A71C-5F2273730D8A}"
EndProject
Project("{FAE04EC0-301F-11D3-BF4B-00C04F79EFBC}") = "EtlLib.ConsoleTest", "EtlLib.ConsoleTest\EtlLib.ConsoleTest.csproj", "{7AB6DFA9-49C7-4EE7-83E2-638CD0BDF623}"
EndProject
Project("{9A19103F-16F7-4668-BE54-9A1E7A4F7556}") = "EtlLib.Logging.NLog", "EtlLib.Logging.NLog\EtlLib.Logging.NLog.csproj", "{8671742C-02CF-460C-9528-F26AEEF03223}"
EndProject
Project("{9A19103F-16F7-4668-BE54-9A1E7A4F7556}") = "EtlLib.Nodes.CsvFiles", "EtlLib.Nodes.CsvFiles\EtlLib.Nodes.CsvFiles.csproj", "{3F674523-8B41-40E2-B5B7-F2F105F99F6D}"
EndProject
Project("{9A19103F-16F7-4668-BE54-9A1E7A4F7556}") = "EtlLib.Nodes.SqlServer", "EtlLib.Nodes.SqlServer\EtlLib.Nodes.SqlServer.csproj", "{77C108E9-7AC5-43D8-A612-0208E09C1122}"
EndProject
Project("{9A19103F-16F7-4668-BE54-9A1E7A4F7556}") = "EtlLib.Nodes.AmazonS3", "EtlLib.Nodes.AmazonS3\EtlLib.Nodes.AmazonS3.csproj", "{434F76E9-26E0-4998-AC3A-381F86A3A692}"
EndProject
Project("{9A19103F-16F7-4668-BE54-9A1E7A4F7556}") = "EtlLib.Nodes.MongoDb", "EtlLib.Nodes.MongoDb\EtlLib.Nodes.MongoDb.csproj", "{792D5820-87EE-442D-9F76-8A8D7BE8EDEB}"
EndProject
Project("{2150E333-8FDC-42A3-9474-1A3956D46DE8}") = "Core", "Core", "{A0A891E0-D63C-44B2-ADC4-EC5973E79794}"
EndProject
Project("{2150E333-8FDC-42A3-9474-1A3956D46DE8}") = "Nodes", "Nodes", "{56301CF0-0EC6-415D-928C-9AD9263DB371}"
EndProject
Project("{2150E333-8FDC-42A3-9474-1A3956D46DE8}") = "Samples", "Samples", "{008631DB-0533-426A-8A32-3A4886AE34F7}"
EndProject
Project("{9A19103F-16F7-4668-BE54-9A1E7A4F7556}") = "EtlLib.Nodes.Dapper", "EtlLib.Nodes.Dapper\EtlLib.Nodes.Dapper.csproj", "{D1FF6F86-0ED5-47B5-B895-0B6BBD0036BE}"
EndProject
Project("{9A19103F-16F7-4668-BE54-9A1E7A4F7556}") = "EtlLib.Nodes.PostgreSQL", "EtlLib.Nodes.PostgreSQL\EtlLib.Nodes.PostgreSQL.csproj", "{B8DB830D-3A67-4FEB-88D1-B55C5393559E}"
EndProject
Project("{9A19103F-16F7-4668-BE54-9A1E7A4F7556}") = "EtlLib.Nodes.Redshift", "EtlLib.Nodes.Redshift\EtlLib.Nodes.Redshift.csproj", "{5D007C8D-C6CD-4DC9-B7DC-706D605601AD}"
EndProject
Project("{2150E333-8FDC-42A3-9474-1A3956D46DE8}") = "Tests", "Tests", "{E594D518-7A31-44C6-A522-E8123D05AF21}"
EndProject
Project("{9A19103F-16F7-4668-BE54-9A1E7A4F7556}") = "EtlLib.UnitTests", "EtlLib.UnitTests\EtlLib.UnitTests.csproj", "{EAE98EE6-EACE-4298-84D2-9CDFD7A9E9E0}"
EndProject
Project("{9A19103F-16F7-4668-BE54-9A1E7A4F7556}") = "EtlLib.Nodes.FileCompression", "EtlLib.Nodes.FileCompression\EtlLib.Nodes.FileCompression.csproj", "{774972FA-3CC8-451D-9A01-E3E1F5D69294}"
EndProject
Project("{2150E333-8FDC-42A3-9474-1A3956D46DE8}") = "Common", "Common", "{54E43C5D-DFA1-4866-B891-F3A58EE46B04}"
	ProjectSection(SolutionItems) = preProject
		version.json = version.json
	EndProjectSection
EndProject
Project("{FAE04EC0-301F-11D3-BF4B-00C04F79EFBC}") = "EtlLib.Nodes.Dapper.IntegrationTests", "EtlLib.Nodes.Dapper.IntegrationTests\EtlLib.Nodes.Dapper.IntegrationTests.csproj", "{E5186521-720E-434F-9421-3B97359165DC}"
EndProject
Global
	GlobalSection(SolutionConfigurationPlatforms) = preSolution
		Debug|Any CPU = Debug|Any CPU
		Release|Any CPU = Release|Any CPU
	EndGlobalSection
	GlobalSection(ProjectConfigurationPlatforms) = postSolution
		{2850690C-13A9-442B-A71C-5F2273730D8A}.Debug|Any CPU.ActiveCfg = Debug|Any CPU
		{2850690C-13A9-442B-A71C-5F2273730D8A}.Debug|Any CPU.Build.0 = Debug|Any CPU
		{2850690C-13A9-442B-A71C-5F2273730D8A}.Release|Any CPU.ActiveCfg = Release|Any CPU
		{2850690C-13A9-442B-A71C-5F2273730D8A}.Release|Any CPU.Build.0 = Release|Any CPU
		{7AB6DFA9-49C7-4EE7-83E2-638CD0BDF623}.Debug|Any CPU.ActiveCfg = Debug|Any CPU
		{7AB6DFA9-49C7-4EE7-83E2-638CD0BDF623}.Debug|Any CPU.Build.0 = Debug|Any CPU
		{7AB6DFA9-49C7-4EE7-83E2-638CD0BDF623}.Release|Any CPU.ActiveCfg = Release|Any CPU
		{7AB6DFA9-49C7-4EE7-83E2-638CD0BDF623}.Release|Any CPU.Build.0 = Release|Any CPU
		{8671742C-02CF-460C-9528-F26AEEF03223}.Debug|Any CPU.ActiveCfg = Debug|Any CPU
		{8671742C-02CF-460C-9528-F26AEEF03223}.Debug|Any CPU.Build.0 = Debug|Any CPU
		{8671742C-02CF-460C-9528-F26AEEF03223}.Release|Any CPU.ActiveCfg = Release|Any CPU
		{8671742C-02CF-460C-9528-F26AEEF03223}.Release|Any CPU.Build.0 = Release|Any CPU
		{3F674523-8B41-40E2-B5B7-F2F105F99F6D}.Debug|Any CPU.ActiveCfg = Debug|Any CPU
		{3F674523-8B41-40E2-B5B7-F2F105F99F6D}.Debug|Any CPU.Build.0 = Debug|Any CPU
		{3F674523-8B41-40E2-B5B7-F2F105F99F6D}.Release|Any CPU.ActiveCfg = Release|Any CPU
		{3F674523-8B41-40E2-B5B7-F2F105F99F6D}.Release|Any CPU.Build.0 = Release|Any CPU
		{77C108E9-7AC5-43D8-A612-0208E09C1122}.Debug|Any CPU.ActiveCfg = Debug|Any CPU
		{77C108E9-7AC5-43D8-A612-0208E09C1122}.Debug|Any CPU.Build.0 = Debug|Any CPU
		{77C108E9-7AC5-43D8-A612-0208E09C1122}.Release|Any CPU.ActiveCfg = Release|Any CPU
		{77C108E9-7AC5-43D8-A612-0208E09C1122}.Release|Any CPU.Build.0 = Release|Any CPU
		{434F76E9-26E0-4998-AC3A-381F86A3A692}.Debug|Any CPU.ActiveCfg = Debug|Any CPU
		{434F76E9-26E0-4998-AC3A-381F86A3A692}.Debug|Any CPU.Build.0 = Debug|Any CPU
		{434F76E9-26E0-4998-AC3A-381F86A3A692}.Release|Any CPU.ActiveCfg = Release|Any CPU
		{434F76E9-26E0-4998-AC3A-381F86A3A692}.Release|Any CPU.Build.0 = Release|Any CPU
		{792D5820-87EE-442D-9F76-8A8D7BE8EDEB}.Debug|Any CPU.ActiveCfg = Debug|Any CPU
		{792D5820-87EE-442D-9F76-8A8D7BE8EDEB}.Debug|Any CPU.Build.0 = Debug|Any CPU
		{792D5820-87EE-442D-9F76-8A8D7BE8EDEB}.Release|Any CPU.ActiveCfg = Release|Any CPU
		{792D5820-87EE-442D-9F76-8A8D7BE8EDEB}.Release|Any CPU.Build.0 = Release|Any CPU
		{D1FF6F86-0ED5-47B5-B895-0B6BBD0036BE}.Debug|Any CPU.ActiveCfg = Debug|Any CPU
		{D1FF6F86-0ED5-47B5-B895-0B6BBD0036BE}.Debug|Any CPU.Build.0 = Debug|Any CPU
		{D1FF6F86-0ED5-47B5-B895-0B6BBD0036BE}.Release|Any CPU.ActiveCfg = Release|Any CPU
		{D1FF6F86-0ED5-47B5-B895-0B6BBD0036BE}.Release|Any CPU.Build.0 = Release|Any CPU
		{B8DB830D-3A67-4FEB-88D1-B55C5393559E}.Debug|Any CPU.ActiveCfg = Debug|Any CPU
		{B8DB830D-3A67-4FEB-88D1-B55C5393559E}.Debug|Any CPU.Build.0 = Debug|Any CPU
		{B8DB830D-3A67-4FEB-88D1-B55C5393559E}.Release|Any CPU.ActiveCfg = Release|Any CPU
		{B8DB830D-3A67-4FEB-88D1-B55C5393559E}.Release|Any CPU.Build.0 = Release|Any CPU
		{5D007C8D-C6CD-4DC9-B7DC-706D605601AD}.Debug|Any CPU.ActiveCfg = Debug|Any CPU
		{5D007C8D-C6CD-4DC9-B7DC-706D605601AD}.Debug|Any CPU.Build.0 = Debug|Any CPU
		{5D007C8D-C6CD-4DC9-B7DC-706D605601AD}.Release|Any CPU.ActiveCfg = Release|Any CPU
		{5D007C8D-C6CD-4DC9-B7DC-706D605601AD}.Release|Any CPU.Build.0 = Release|Any CPU
		{EAE98EE6-EACE-4298-84D2-9CDFD7A9E9E0}.Debug|Any CPU.ActiveCfg = Debug|Any CPU
		{EAE98EE6-EACE-4298-84D2-9CDFD7A9E9E0}.Debug|Any CPU.Build.0 = Debug|Any CPU
		{EAE98EE6-EACE-4298-84D2-9CDFD7A9E9E0}.Release|Any CPU.ActiveCfg = Release|Any CPU
		{EAE98EE6-EACE-4298-84D2-9CDFD7A9E9E0}.Release|Any CPU.Build.0 = Release|Any CPU
		{774972FA-3CC8-451D-9A01-E3E1F5D69294}.Debug|Any CPU.ActiveCfg = Debug|Any CPU
		{774972FA-3CC8-451D-9A01-E3E1F5D69294}.Debug|Any CPU.Build.0 = Debug|Any CPU
		{774972FA-3CC8-451D-9A01-E3E1F5D69294}.Release|Any CPU.ActiveCfg = Release|Any CPU
		{774972FA-3CC8-451D-9A01-E3E1F5D69294}.Release|Any CPU.Build.0 = Release|Any CPU
		{E5186521-720E-434F-9421-3B97359165DC}.Debug|Any CPU.ActiveCfg = Debug|Any CPU
		{E5186521-720E-434F-9421-3B97359165DC}.Debug|Any CPU.Build.0 = Debug|Any CPU
		{E5186521-720E-434F-9421-3B97359165DC}.Release|Any CPU.ActiveCfg = Release|Any CPU
		{E5186521-720E-434F-9421-3B97359165DC}.Release|Any CPU.Build.0 = Release|Any CPU
	EndGlobalSection
	GlobalSection(SolutionProperties) = preSolution
		HideSolutionNode = FALSE
	EndGlobalSection
	GlobalSection(NestedProjects) = preSolution
		{2850690C-13A9-442B-A71C-5F2273730D8A} = {A0A891E0-D63C-44B2-ADC4-EC5973E79794}
		{7AB6DFA9-49C7-4EE7-83E2-638CD0BDF623} = {008631DB-0533-426A-8A32-3A4886AE34F7}
		{8671742C-02CF-460C-9528-F26AEEF03223} = {A0A891E0-D63C-44B2-ADC4-EC5973E79794}
		{3F674523-8B41-40E2-B5B7-F2F105F99F6D} = {56301CF0-0EC6-415D-928C-9AD9263DB371}
		{77C108E9-7AC5-43D8-A612-0208E09C1122} = {56301CF0-0EC6-415D-928C-9AD9263DB371}
		{434F76E9-26E0-4998-AC3A-381F86A3A692} = {56301CF0-0EC6-415D-928C-9AD9263DB371}
		{792D5820-87EE-442D-9F76-8A8D7BE8EDEB} = {56301CF0-0EC6-415D-928C-9AD9263DB371}
		{D1FF6F86-0ED5-47B5-B895-0B6BBD0036BE} = {56301CF0-0EC6-415D-928C-9AD9263DB371}
		{B8DB830D-3A67-4FEB-88D1-B55C5393559E} = {56301CF0-0EC6-415D-928C-9AD9263DB371}
		{5D007C8D-C6CD-4DC9-B7DC-706D605601AD} = {56301CF0-0EC6-415D-928C-9AD9263DB371}
		{EAE98EE6-EACE-4298-84D2-9CDFD7A9E9E0} = {E594D518-7A31-44C6-A522-E8123D05AF21}
		{774972FA-3CC8-451D-9A01-E3E1F5D69294} = {56301CF0-0EC6-415D-928C-9AD9263DB371}
		{E5186521-720E-434F-9421-3B97359165DC} = {E594D518-7A31-44C6-A522-E8123D05AF21}
	EndGlobalSection
	GlobalSection(ExtensibilityGlobals) = postSolution
		SolutionGuid = {35A58916-7182-4058-B44F-F19927D47BA6}
	EndGlobalSection
EndGlobal
