
Microsoft Visual Studio Solution File, Format Version 12.00
# Visual Studio 15
VisualStudioVersion = 15.0.27130.2027
MinimumVisualStudioVersion = 10.0.40219.1
Project("{2150E333-8FDC-42A3-9474-1A3956D46DE8}") = "Core", "Core", "{A0A891E0-D63C-44B2-ADC4-EC5973E79794}"
EndProject
Project("{2150E333-8FDC-42A3-9474-1A3956D46DE8}") = "Nodes", "Nodes", "{56301CF0-0EC6-415D-928C-9AD9263DB371}"
EndProject
Project("{2150E333-8FDC-42A3-9474-1A3956D46DE8}") = "Samples", "Samples", "{008631DB-0533-426A-8A32-3A4886AE34F7}"
EndProject
Project("{2150E333-8FDC-42A3-9474-1A3956D46DE8}") = "Tests", "Tests", "{E594D518-7A31-44C6-A522-E8123D05AF21}"
EndProject
Project("{2150E333-8FDC-42A3-9474-1A3956D46DE8}") = "Common", "Common", "{54E43C5D-DFA1-4866-B891-F3A58EE46B04}"
	ProjectSection(SolutionItems) = preProject
		version.json = version.json
	EndProjectSection
EndProject
Project("{9A19103F-16F7-4668-BE54-9A1E7A4F7556}") = "EtlLib", "src\EtlLib\EtlLib.csproj", "{7C0313E9-88A2-4F6A-B131-E458D629884B}"
EndProject
Project("{9A19103F-16F7-4668-BE54-9A1E7A4F7556}") = "EtlLib.Logging.NLog", "src\EtlLib.Logging.NLog\EtlLib.Logging.NLog.csproj", "{9A93BAB7-AA1F-4701-86D9-9179965B7F58}"
EndProject
Project("{9A19103F-16F7-4668-BE54-9A1E7A4F7556}") = "EtlLib.Nodes.AmazonS3", "src\EtlLib.Nodes.AmazonS3\EtlLib.Nodes.AmazonS3.csproj", "{71045671-966A-48C0-812D-5E1990B2B23A}"
EndProject
Project("{9A19103F-16F7-4668-BE54-9A1E7A4F7556}") = "EtlLib.Nodes.CsvFiles", "src\EtlLib.Nodes.CsvFiles\EtlLib.Nodes.CsvFiles.csproj", "{ADA940E1-8501-42AD-9B66-7A224C11D2AE}"
EndProject
Project("{9A19103F-16F7-4668-BE54-9A1E7A4F7556}") = "EtlLib.Nodes.Dapper", "src\EtlLib.Nodes.Dapper\EtlLib.Nodes.Dapper.csproj", "{56CCEF55-A2D4-46FF-B326-02DE8D06EE7B}"
EndProject
Project("{9A19103F-16F7-4668-BE54-9A1E7A4F7556}") = "EtlLib.Nodes.FileCompression", "src\EtlLib.Nodes.FileCompression\EtlLib.Nodes.FileCompression.csproj", "{404E2999-E469-4EC2-BEDB-8D5807849327}"
EndProject
Project("{9A19103F-16F7-4668-BE54-9A1E7A4F7556}") = "EtlLib.Nodes.MongoDb", "src\EtlLib.Nodes.MongoDb\EtlLib.Nodes.MongoDb.csproj", "{6A998CA4-A503-4803-9435-A2F8A4629842}"
EndProject
Project("{9A19103F-16F7-4668-BE54-9A1E7A4F7556}") = "EtlLib.Nodes.PostgreSQL", "src\EtlLib.Nodes.PostgreSQL\EtlLib.Nodes.PostgreSQL.csproj", "{442C5923-2D19-44BB-A284-A594787FF466}"
EndProject
Project("{9A19103F-16F7-4668-BE54-9A1E7A4F7556}") = "EtlLib.Nodes.Redshift", "src\EtlLib.Nodes.Redshift\EtlLib.Nodes.Redshift.csproj", "{EB8E6CAF-3531-44E6-89CB-B5C90D1DBDE3}"
EndProject
Project("{9A19103F-16F7-4668-BE54-9A1E7A4F7556}") = "EtlLib.Nodes.SqlServer", "src\EtlLib.Nodes.SqlServer\EtlLib.Nodes.SqlServer.csproj", "{2C005058-4594-4511-82DB-BBCFB807D2AE}"
EndProject
Project("{9A19103F-16F7-4668-BE54-9A1E7A4F7556}") = "EtlLib.UnitTests", "tests\EtlLib.UnitTests\EtlLib.UnitTests.csproj", "{271DADF3-346B-4C12-BE7B-7C1F35184F90}"
EndProject
Project("{9A19103F-16F7-4668-BE54-9A1E7A4F7556}") = "EtlLib.Nodes.Dapper.IntegrationTests", "tests\EtlLib.Nodes.Dapper.IntegrationTests\EtlLib.Nodes.Dapper.IntegrationTests.csproj", "{66F256D2-497A-4E73-B75F-B7BBF1DAB8FA}"
EndProject
Project("{9A19103F-16F7-4668-BE54-9A1E7A4F7556}") = "EtlLib.Nodes.Redshift.Tests", "tests\EtlLib.Nodes.Redshift.Tests\EtlLib.Nodes.Redshift.Tests.csproj", "{E8F3AC57-EEC0-4331-BEDB-EE1B07EF1536}"
EndProject
Project("{2150E333-8FDC-42A3-9474-1A3956D46DE8}") = "Logging", "Logging", "{6BC21C23-3ED6-431A-8DF8-E327BBF3B827}"
EndProject
Project("{9A19103F-16F7-4668-BE54-9A1E7A4F7556}") = "EtlLib.Nodes.Ssh", "src\EtlLib.Nodes.Ssh\EtlLib.Nodes.Ssh.csproj", "{4E69E761-5A1E-48B4-9842-02D1E5D454B4}"
EndProject
Project("{FAE04EC0-301F-11D3-BF4B-00C04F79EFBC}") = "EtlLib.Samples.Basic", "samples\EtlLib.Samples.Basic\EtlLib.Samples.Basic.csproj", "{2CB1EF7F-1647-4AF6-A1E1-9640DF24B627}"
EndProject
Global
	GlobalSection(SolutionConfigurationPlatforms) = preSolution
		Debug|Any CPU = Debug|Any CPU
		Release|Any CPU = Release|Any CPU
	EndGlobalSection
	GlobalSection(ProjectConfigurationPlatforms) = postSolution
		{7C0313E9-88A2-4F6A-B131-E458D629884B}.Debug|Any CPU.ActiveCfg = Debug|Any CPU
		{7C0313E9-88A2-4F6A-B131-E458D629884B}.Debug|Any CPU.Build.0 = Debug|Any CPU
		{7C0313E9-88A2-4F6A-B131-E458D629884B}.Release|Any CPU.ActiveCfg = Release|Any CPU
		{7C0313E9-88A2-4F6A-B131-E458D629884B}.Release|Any CPU.Build.0 = Release|Any CPU
		{9A93BAB7-AA1F-4701-86D9-9179965B7F58}.Debug|Any CPU.ActiveCfg = Debug|Any CPU
		{9A93BAB7-AA1F-4701-86D9-9179965B7F58}.Debug|Any CPU.Build.0 = Debug|Any CPU
		{9A93BAB7-AA1F-4701-86D9-9179965B7F58}.Release|Any CPU.ActiveCfg = Release|Any CPU
		{9A93BAB7-AA1F-4701-86D9-9179965B7F58}.Release|Any CPU.Build.0 = Release|Any CPU
		{71045671-966A-48C0-812D-5E1990B2B23A}.Debug|Any CPU.ActiveCfg = Debug|Any CPU
		{71045671-966A-48C0-812D-5E1990B2B23A}.Debug|Any CPU.Build.0 = Debug|Any CPU
		{71045671-966A-48C0-812D-5E1990B2B23A}.Release|Any CPU.ActiveCfg = Release|Any CPU
		{71045671-966A-48C0-812D-5E1990B2B23A}.Release|Any CPU.Build.0 = Release|Any CPU
		{ADA940E1-8501-42AD-9B66-7A224C11D2AE}.Debug|Any CPU.ActiveCfg = Debug|Any CPU
		{ADA940E1-8501-42AD-9B66-7A224C11D2AE}.Debug|Any CPU.Build.0 = Debug|Any CPU
		{ADA940E1-8501-42AD-9B66-7A224C11D2AE}.Release|Any CPU.ActiveCfg = Release|Any CPU
		{ADA940E1-8501-42AD-9B66-7A224C11D2AE}.Release|Any CPU.Build.0 = Release|Any CPU
		{56CCEF55-A2D4-46FF-B326-02DE8D06EE7B}.Debug|Any CPU.ActiveCfg = Debug|Any CPU
		{56CCEF55-A2D4-46FF-B326-02DE8D06EE7B}.Debug|Any CPU.Build.0 = Debug|Any CPU
		{56CCEF55-A2D4-46FF-B326-02DE8D06EE7B}.Release|Any CPU.ActiveCfg = Release|Any CPU
		{56CCEF55-A2D4-46FF-B326-02DE8D06EE7B}.Release|Any CPU.Build.0 = Release|Any CPU
		{404E2999-E469-4EC2-BEDB-8D5807849327}.Debug|Any CPU.ActiveCfg = Debug|Any CPU
		{404E2999-E469-4EC2-BEDB-8D5807849327}.Debug|Any CPU.Build.0 = Debug|Any CPU
		{404E2999-E469-4EC2-BEDB-8D5807849327}.Release|Any CPU.ActiveCfg = Release|Any CPU
		{404E2999-E469-4EC2-BEDB-8D5807849327}.Release|Any CPU.Build.0 = Release|Any CPU
		{6A998CA4-A503-4803-9435-A2F8A4629842}.Debug|Any CPU.ActiveCfg = Debug|Any CPU
		{6A998CA4-A503-4803-9435-A2F8A4629842}.Debug|Any CPU.Build.0 = Debug|Any CPU
		{6A998CA4-A503-4803-9435-A2F8A4629842}.Release|Any CPU.ActiveCfg = Release|Any CPU
		{6A998CA4-A503-4803-9435-A2F8A4629842}.Release|Any CPU.Build.0 = Release|Any CPU
		{442C5923-2D19-44BB-A284-A594787FF466}.Debug|Any CPU.ActiveCfg = Debug|Any CPU
		{442C5923-2D19-44BB-A284-A594787FF466}.Debug|Any CPU.Build.0 = Debug|Any CPU
		{442C5923-2D19-44BB-A284-A594787FF466}.Release|Any CPU.ActiveCfg = Release|Any CPU
		{442C5923-2D19-44BB-A284-A594787FF466}.Release|Any CPU.Build.0 = Release|Any CPU
		{EB8E6CAF-3531-44E6-89CB-B5C90D1DBDE3}.Debug|Any CPU.ActiveCfg = Debug|Any CPU
		{EB8E6CAF-3531-44E6-89CB-B5C90D1DBDE3}.Debug|Any CPU.Build.0 = Debug|Any CPU
		{EB8E6CAF-3531-44E6-89CB-B5C90D1DBDE3}.Release|Any CPU.ActiveCfg = Release|Any CPU
		{EB8E6CAF-3531-44E6-89CB-B5C90D1DBDE3}.Release|Any CPU.Build.0 = Release|Any CPU
		{2C005058-4594-4511-82DB-BBCFB807D2AE}.Debug|Any CPU.ActiveCfg = Debug|Any CPU
		{2C005058-4594-4511-82DB-BBCFB807D2AE}.Debug|Any CPU.Build.0 = Debug|Any CPU
		{2C005058-4594-4511-82DB-BBCFB807D2AE}.Release|Any CPU.ActiveCfg = Release|Any CPU
		{2C005058-4594-4511-82DB-BBCFB807D2AE}.Release|Any CPU.Build.0 = Release|Any CPU
		{271DADF3-346B-4C12-BE7B-7C1F35184F90}.Debug|Any CPU.ActiveCfg = Debug|Any CPU
		{271DADF3-346B-4C12-BE7B-7C1F35184F90}.Debug|Any CPU.Build.0 = Debug|Any CPU
		{271DADF3-346B-4C12-BE7B-7C1F35184F90}.Release|Any CPU.ActiveCfg = Release|Any CPU
		{271DADF3-346B-4C12-BE7B-7C1F35184F90}.Release|Any CPU.Build.0 = Release|Any CPU
		{66F256D2-497A-4E73-B75F-B7BBF1DAB8FA}.Debug|Any CPU.ActiveCfg = Debug|Any CPU
		{66F256D2-497A-4E73-B75F-B7BBF1DAB8FA}.Debug|Any CPU.Build.0 = Debug|Any CPU
		{66F256D2-497A-4E73-B75F-B7BBF1DAB8FA}.Release|Any CPU.ActiveCfg = Release|Any CPU
		{66F256D2-497A-4E73-B75F-B7BBF1DAB8FA}.Release|Any CPU.Build.0 = Release|Any CPU
		{E8F3AC57-EEC0-4331-BEDB-EE1B07EF1536}.Debug|Any CPU.ActiveCfg = Debug|Any CPU
		{E8F3AC57-EEC0-4331-BEDB-EE1B07EF1536}.Debug|Any CPU.Build.0 = Debug|Any CPU
		{E8F3AC57-EEC0-4331-BEDB-EE1B07EF1536}.Release|Any CPU.ActiveCfg = Release|Any CPU
		{E8F3AC57-EEC0-4331-BEDB-EE1B07EF1536}.Release|Any CPU.Build.0 = Release|Any CPU
		{4E69E761-5A1E-48B4-9842-02D1E5D454B4}.Debug|Any CPU.ActiveCfg = Debug|Any CPU
		{4E69E761-5A1E-48B4-9842-02D1E5D454B4}.Debug|Any CPU.Build.0 = Debug|Any CPU
		{4E69E761-5A1E-48B4-9842-02D1E5D454B4}.Release|Any CPU.ActiveCfg = Release|Any CPU
		{4E69E761-5A1E-48B4-9842-02D1E5D454B4}.Release|Any CPU.Build.0 = Release|Any CPU
		{2CB1EF7F-1647-4AF6-A1E1-9640DF24B627}.Debug|Any CPU.ActiveCfg = Debug|Any CPU
		{2CB1EF7F-1647-4AF6-A1E1-9640DF24B627}.Debug|Any CPU.Build.0 = Debug|Any CPU
		{2CB1EF7F-1647-4AF6-A1E1-9640DF24B627}.Release|Any CPU.ActiveCfg = Release|Any CPU
		{2CB1EF7F-1647-4AF6-A1E1-9640DF24B627}.Release|Any CPU.Build.0 = Release|Any CPU
	EndGlobalSection
	GlobalSection(SolutionProperties) = preSolution
		HideSolutionNode = FALSE
	EndGlobalSection
	GlobalSection(NestedProjects) = preSolution
		{7C0313E9-88A2-4F6A-B131-E458D629884B} = {A0A891E0-D63C-44B2-ADC4-EC5973E79794}
		{9A93BAB7-AA1F-4701-86D9-9179965B7F58} = {6BC21C23-3ED6-431A-8DF8-E327BBF3B827}
		{71045671-966A-48C0-812D-5E1990B2B23A} = {56301CF0-0EC6-415D-928C-9AD9263DB371}
		{ADA940E1-8501-42AD-9B66-7A224C11D2AE} = {56301CF0-0EC6-415D-928C-9AD9263DB371}
		{56CCEF55-A2D4-46FF-B326-02DE8D06EE7B} = {56301CF0-0EC6-415D-928C-9AD9263DB371}
		{404E2999-E469-4EC2-BEDB-8D5807849327} = {56301CF0-0EC6-415D-928C-9AD9263DB371}
		{6A998CA4-A503-4803-9435-A2F8A4629842} = {56301CF0-0EC6-415D-928C-9AD9263DB371}
		{442C5923-2D19-44BB-A284-A594787FF466} = {56301CF0-0EC6-415D-928C-9AD9263DB371}
		{EB8E6CAF-3531-44E6-89CB-B5C90D1DBDE3} = {56301CF0-0EC6-415D-928C-9AD9263DB371}
		{2C005058-4594-4511-82DB-BBCFB807D2AE} = {56301CF0-0EC6-415D-928C-9AD9263DB371}
		{271DADF3-346B-4C12-BE7B-7C1F35184F90} = {E594D518-7A31-44C6-A522-E8123D05AF21}
		{66F256D2-497A-4E73-B75F-B7BBF1DAB8FA} = {E594D518-7A31-44C6-A522-E8123D05AF21}
		{E8F3AC57-EEC0-4331-BEDB-EE1B07EF1536} = {E594D518-7A31-44C6-A522-E8123D05AF21}
		{4E69E761-5A1E-48B4-9842-02D1E5D454B4} = {56301CF0-0EC6-415D-928C-9AD9263DB371}
		{2CB1EF7F-1647-4AF6-A1E1-9640DF24B627} = {008631DB-0533-426A-8A32-3A4886AE34F7}
	EndGlobalSection
	GlobalSection(ExtensibilityGlobals) = postSolution
		SolutionGuid = {35A58916-7182-4058-B44F-F19927D47BA6}
	EndGlobalSection
EndGlobal
